PODS:
  - TempoSDK (1.8.4)
  - TempoSDKAdapter (1.1.0):
    - TempoSDK (= 1.8.4)

DEPENDENCIES:
  - TempoSDKAdapter (from `.`)

SPEC REPOS:
  trunk:
    - TempoSDK

EXTERNAL SOURCES:
  TempoSDKAdapter:
    :path: "."

SPEC CHECKSUMS:
  TempoSDK: 73e2b7367175c34b665eaaf03a7c595b72ed9431
  TempoSDKAdapter: 1f926ff2ef6510a78de34a557c448433030505b2

PODFILE CHECKSUM: a9aae679f8f4ff231b985dc289be6b589fd9be5e

COCOAPODS: 1.16.2
